// !$*UTF8*$!
{
	archiveVersion = 1;
	classes = {
	};
	objectVersion = 50;
	objects = {

/* Begin PBXBuildFile section */
		88BA8F2920EA0296008DE32A /* AppDelegate.m in Sources */ = {isa = PBXBuildFile; fileRef = 88BA8F2820EA0296008DE32A /* AppDelegate.m */; };
		88BA8F2F20EA0296008DE32A /* Main.storyboard in Resources */ = {isa = PBXBuildFile; fileRef = 88BA8F2D20EA0296008DE32A /* Main.storyboard */; };
		88BA8F3120EA0298008DE32A /* Assets.xcassets in Resources */ = {isa = PBXBuildFile; fileRef = 88BA8F3020EA0298008DE32A /* Assets.xcassets */; };
		88BA8F3420EA0298008DE32A /* LaunchScreen.storyboard in Resources */ = {isa = PBXBuildFile; fileRef = 88BA8F3220EA0298008DE32A /* LaunchScreen.storyboard */; };
		88BA8F3720EA0298008DE32A /* main.m in Sources */ = {isa = PBXBuildFile; fileRef = 88BA8F3620EA0298008DE32A /* main.m */; };
		88BA8F4120EA0298008DE32A /* HQZSearchTests.m in Sources */ = {isa = PBXBuildFile; fileRef = 88BA8F4020EA0298008DE32A /* HQZSearchTests.m */; };
		88BA8F4C20EA0298008DE32A /* HQZSearchUITests.m in Sources */ = {isa = PBXBuildFile; fileRef = 88BA8F4B20EA0298008DE32A /* HQZSearchUITests.m */; };
		88BA8F5B20EA05A5008DE32A /* SearchTableViewCell.m in Sources */ = {isa = PBXBuildFile; fileRef = 88BA8F5A20EA05A5008DE32A /* SearchTableViewCell.m */; };
		88BA8F6120EA06E2008DE32A /* SearchViewController.m in Sources */ = {isa = PBXBuildFile; fileRef = 88BA8F6020EA06E2008DE32A /* SearchViewController.m */; };
/* End PBXBuildFile section */

/* Begin PBXContainerItemProxy section */
		88BA8F3D20EA0298008DE32A /* PBXContainerItemProxy */ = {
			isa = PBXContainerItemProxy;
			containerPortal = 88BA8F1C20EA0296008DE32A /* Project object */;
			proxyType = 1;
			remoteGlobalIDString = 88BA8F2320EA0296008DE32A;
			remoteInfo = HQZSearch;
		};
		88BA8F4820EA0298008DE32A /* PBXContainerItemProxy */ = {
			isa = PBXContainerItemProxy;
			containerPortal = 88BA8F1C20EA0296008DE32A /* Project object */;
			proxyType = 1;
			remoteGlobalIDString = 88BA8F2320EA0296008DE32A;
			remoteInfo = HQZSearch;
		};
/* End PBXContainerItemProxy section */

/* Begin PBXFileReference section */
		88BA8F2420EA0296008DE32A /* HQZSearch.app */ = {isa = PBXFileReference; explicitFileType = wrapper.application; includeInIndex = 0; path = HQZSearch.app; sourceTree = BUILT_PRODUCTS_DIR; };
		88BA8F2720EA0296008DE32A /* AppDelegate.h */ = {isa = PBXFileReference; lastKnownFileType = sourcecode.c.h; path = AppDelegate.h; sourceTree = "<group>"; };
		88BA8F2820EA0296008DE32A /* AppDelegate.m */ = {isa = PBXFileReference; lastKnownFileType = sourcecode.c.objc; path = AppDelegate.m; sourceTree = "<group>"; };
		88BA8F2E20EA0296008DE32A /* Base */ = {isa = PBXFileReference; lastKnownFileType = file.storyboard; name = Base; path = Base.lproj/Main.storyboard; sourceTree = "<group>"; };
		88BA8F3020EA0298008DE32A /* Assets.xcassets */ = {isa = PBXFileReference; lastKnownFileType = folder.assetcatalog; path = Assets.xcassets; sourceTree = "<group>"; };
		88BA8F3320EA0298008DE32A /* Base */ = {isa = PBXFileReference; lastKnownFileType = file.storyboard; name = Base; path = Base.lproj/LaunchScreen.storyboard; sourceTree = "<group>"; };
		88BA8F3520EA0298008DE32A /* Info.plist */ = {isa = PBXFileReference; lastKnownFileType = text.plist.xml; path = Info.plist; sourceTree = "<group>"; };
		88BA8F3620EA0298008DE32A /* main.m */ = {isa = PBXFileReference; lastKnownFileType = sourcecode.c.objc; path = main.m; sourceTree = "<group>"; };
		88BA8F3C20EA0298008DE32A /* HQZSearchTests.xctest */ = {isa = PBXFileReference; explicitFileType = wrapper.cfbundle; includeInIndex = 0; path = HQZSearchTests.xctest; sourceTree = BUILT_PRODUCTS_DIR; };
		88BA8F4020EA0298008DE32A /* HQZSearchTests.m */ = {isa = PBXFileReference; lastKnownFileType = sourcecode.c.objc; path = HQZSearchTests.m; sourceTree = "<group>"; };
		88BA8F4220EA0298008DE32A /* Info.plist */ = {isa = PBXFileReference; lastKnownFileType = text.plist.xml; path = Info.plist; sourceTree = "<group>"; };
		88BA8F4720EA0298008DE32A /* HQZSearchUITests.xctest */ = {isa = PBXFileReference; explicitFileType = wrapper.cfbundle; includeInIndex = 0; path = HQZSearchUITests.xctest; sourceTree = BUILT_PRODUCTS_DIR; };
		88BA8F4B20EA0298008DE32A /* HQZSearchUITests.m */ = {isa = PBXFileReference; lastKnownFileType = sourcecode.c.objc; path = HQZSearchUITests.m; sourceTree = "<group>"; };
		88BA8F4D20EA0298008DE32A /* Info.plist */ = {isa = PBXFileReference; lastKnownFileType = text.plist.xml; path = Info.plist; sourceTree = "<group>"; };
		88BA8F5920EA05A5008DE32A /* SearchTableViewCell.h */ = {isa = PBXFileReference; lastKnownFileType = sourcecode.c.h; path = SearchTableViewCell.h; sourceTree = "<group>"; };
		88BA8F5A20EA05A5008DE32A /* SearchTableViewCell.m */ = {isa = PBXFileReference; lastKnownFileType = sourcecode.c.objc; path = SearchTableViewCell.m; sourceTree = "<group>"; };
		88BA8F5F20EA06E2008DE32A /* SearchViewController.h */ = {isa = PBXFileReference; lastKnownFileType = sourcecode.c.h; path = SearchViewController.h; sourceTree = "<group>"; };
		88BA8F6020EA06E2008DE32A /* SearchViewController.m */ = {isa = PBXFileReference; lastKnownFileType = sourcecode.c.objc; path = SearchViewController.m; sourceTree = "<group>"; };
/* End PBXFileReference section */

/* Begin PBXFrameworksBuildPhase section */
		88BA8F2120EA0296008DE32A /* Frameworks */ = {
			isa = PBXFrameworksBuildPhase;
			buildActionMask = 2147483647;
			files = (
			);
			runOnlyForDeploymentPostprocessing = 0;
		};
		88BA8F3920EA0298008DE32A /* Frameworks */ = {
			isa = PBXFrameworksBuildPhase;
			buildActionMask = 2147483647;
			files = (
			);
			runOnlyForDeploymentPostprocessing = 0;
		};
		88BA8F4420EA0298008DE32A /* Frameworks */ = {
			isa = PBXFrameworksBuildPhase;
			buildActionMask = 2147483647;
			files = (
			);
			runOnlyForDeploymentPostprocessing = 0;
		};
/* End PBXFrameworksBuildPhase section */

/* Begin PBXGroup section */
		88BA8F1B20EA0296008DE32A = {
			isa = PBXGroup;
			children = (
				88BA8F2620EA0296008DE32A /* HQZSearch */,
				88BA8F3F20EA0298008DE32A /* HQZSearchTests */,
				88BA8F4A20EA0298008DE32A /* HQZSearchUITests */,
				88BA8F2520EA0296008DE32A /* Products */,
			);
			sourceTree = "<group>";
		};
		88BA8F2520EA0296008DE32A /* Products */ = {
			isa = PBXGroup;
			children = (
				88BA8F2420EA0296008DE32A /* HQZSearch.app */,
				88BA8F3C20EA0298008DE32A /* HQZSearchTests.xctest */,
				88BA8F4720EA0298008DE32A /* HQZSearchUITests.xctest */,
			);
			name = Products;
			sourceTree = "<group>";
		};
		88BA8F2620EA0296008DE32A /* HQZSearch */ = {
			isa = PBXGroup;
			children = (
				88BA8F2720EA0296008DE32A /* AppDelegate.h */,
				88BA8F2820EA0296008DE32A /* AppDelegate.m */,
				88BA8F5920EA05A5008DE32A /* SearchTableViewCell.h */,
				88BA8F5A20EA05A5008DE32A /* SearchTableViewCell.m */,
				88BA8F5F20EA06E2008DE32A /* SearchViewController.h */,
				88BA8F6020EA06E2008DE32A /* SearchViewController.m */,
				88BA8F2D20EA0296008DE32A /* Main.storyboard */,
				88BA8F3020EA0298008DE32A /* Assets.xcassets */,
				88BA8F3220EA0298008DE32A /* LaunchScreen.storyboard */,
				88BA8F3520EA0298008DE32A /* Info.plist */,
				88BA8F3620EA0298008DE32A /* main.m */,
			);
			path = HQZSearch;
			sourceTree = "<group>";
		};
		88BA8F3F20EA0298008DE32A /* HQZSearchTests */ = {
			isa = PBXGroup;
			children = (
				88BA8F4020EA0298008DE32A /* HQZSearchTests.m */,
				88BA8F4220EA0298008DE32A /* Info.plist */,
			);
			path = HQZSearchTests;
			sourceTree = "<group>";
		};
		88BA8F4A20EA0298008DE32A /* HQZSearchUITests */ = {
			isa = PBXGroup;
			children = (
				88BA8F4B20EA0298008DE32A /* HQZSearchUITests.m */,
				88BA8F4D20EA0298008DE32A /* Info.plist */,
			);
			path = HQZSearchUITests;
			sourceTree = "<group>";
		};
/* End PBXGroup section */

/* Begin PBXNativeTarget section */
		88BA8F2320EA0296008DE32A /* HQZSearch */ = {
			isa = PBXNativeTarget;
			buildConfigurationList = 88BA8F5020EA0298008DE32A /* Build configuration list for PBXNativeTarget "HQZSearch" */;
			buildPhases = (
				88BA8F2020EA0296008DE32A /* Sources */,
				88BA8F2120EA0296008DE32A /* Frameworks */,
				88BA8F2220EA0296008DE32A /* Resources */,
			);
			buildRules = (
			);
			dependencies = (
			);
			name = HQZSearch;
			productName = HQZSearch;
			productReference = 88BA8F2420EA0296008DE32A /* HQZSearch.app */;
			productType = "com.apple.product-type.application";
		};
		88BA8F3B20EA0298008DE32A /* HQZSearchTests */ = {
			isa = PBXNativeTarget;
			buildConfigurationList = 88BA8F5320EA0298008DE32A /* Build configuration list for PBXNativeTarget "HQZSearchTests" */;
			buildPhases = (
				88BA8F3820EA0298008DE32A /* Sources */,
				88BA8F3920EA0298008DE32A /* Frameworks */,
				88BA8F3A20EA0298008DE32A /* Resources */,
			);
			buildRules = (
			);
			dependencies = (
				88BA8F3E20EA0298008DE32A /* PBXTargetDependency */,
			);
			name = HQZSearchTests;
			productName = HQZSearchTests;
			productReference = 88BA8F3C20EA0298008DE32A /* HQZSearchTests.xctest */;
			productType = "com.apple.product-type.bundle.unit-test";
		};
		88BA8F4620EA0298008DE32A /* HQZSearchUITests */ = {
			isa = PBXNativeTarget;
			buildConfigurationList = 88BA8F5620EA0298008DE32A /* Build configuration list for PBXNativeTarget "HQZSearchUITests" */;
			buildPhases = (
				88BA8F4320EA0298008DE32A /* Sources */,
				88BA8F4420EA0298008DE32A /* Frameworks */,
				88BA8F4520EA0298008DE32A /* Resources */,
			);
			buildRules = (
			);
			dependencies = (
				88BA8F4920EA0298008DE32A /* PBXTargetDependency */,
			);
			name = HQZSearchUITests;
			productName = HQZSearchUITests;
			productReference = 88BA8F4720EA0298008DE32A /* HQZSearchUITests.xctest */;
			productType = "com.apple.product-type.bundle.ui-testing";
		};
/* End PBXNativeTarget section */

/* Begin PBXProject section */
		88BA8F1C20EA0296008DE32A /* Project object */ = {
			isa = PBXProject;
			attributes = {
				LastUpgradeCheck = 0940;
				ORGANIZATIONNAME = FYCK;
				TargetAttributes = {
					88BA8F2320EA0296008DE32A = {
						CreatedOnToolsVersion = 9.4.1;
					};
					88BA8F3B20EA0298008DE32A = {
						CreatedOnToolsVersion = 9.4.1;
						TestTargetID = 88BA8F2320EA0296008DE32A;
					};
					88BA8F4620EA0298008DE32A = {
						CreatedOnToolsVersion = 9.4.1;
						TestTargetID = 88BA8F2320EA0296008DE32A;
					};
				};
			};
			buildConfigurationList = 88BA8F1F20EA0296008DE32A /* Build configuration list for PBXProject "HQZSearch" */;
			compatibilityVersion = "Xcode 9.3";
			developmentRegion = en;
			hasScannedForEncodings = 0;
			knownRegions = (
				en,
				Base,
			);
			mainGroup = 88BA8F1B20EA0296008DE32A;
			productRefGroup = 88BA8F2520EA0296008DE32A /* Products */;
			projectDirPath = "";
			projectRoot = "";
			targets = (
				88BA8F2320EA0296008DE32A /* HQZSearch */,
				88BA8F3B20EA0298008DE32A /* HQZSearchTests */,
				88BA8F4620EA0298008DE32A /* HQZSearchUITests */,
			);
		};
/* End PBXProject section */

/* Begin PBXResourcesBuildPhase section */
		88BA8F2220EA0296008DE32A /* Resources */ = {
			isa = PBXResourcesBuildPhase;
			buildActionMask = 2147483647;
			files = (
				88BA8F3420EA0298008DE32A /* LaunchScreen.storyboard in Resources */,
				88BA8F3120EA0298008DE32A /* Assets.xcassets in Resources */,
				88BA8F2F20EA0296008DE32A /* Main.storyboard in Resources */,
			);
			runOnlyForDeploymentPostprocessing = 0;
		};
		88BA8F3A20EA0298008DE32A /* Resources */ = {
			isa = PBXResourcesBuildPhase;
			buildActionMask = 2147483647;
			files = (
			);
			runOnlyForDeploymentPostprocessing = 0;
		};
		88BA8F4520EA0298008DE32A /* Resources */ = {
			isa = PBXResourcesBuildPhase;
			buildActionMask = 2147483647;
			files = (
			);
			runOnlyForDeploymentPostprocessing = 0;
		};
/* End PBXResourcesBuildPhase section */

/* Begin PBXSourcesBuildPhase section */
		88BA8F2020EA0296008DE32A /* Sources */ = {
			isa = PBXSourcesBuildPhase;
			buildActionMask = 2147483647;
			files = (
				88BA8F5B20EA05A5008DE32A /* SearchTableViewCell.m in Sources */,
				88BA8F6120EA06E2008DE32A /* SearchViewController.m in Sources */,
				88BA8F3720EA0298008DE32A /* main.m in Sources */,
				88BA8F2920EA0296008DE32A /* AppDelegate.m in Sources */,
			);
			runOnlyForDeploymentPostprocessing = 0;
		};
		88BA8F3820EA0298008DE32A /* Sources */ = {
			isa = PBXSourcesBuildPhase;
			buildActionMask = 2147483647;
			files = (
				88BA8F4120EA0298008DE32A /* HQZSearchTests.m in Sources */,
			);
			runOnlyForDeploymentPostprocessing = 0;
		};
		88BA8F4320EA0298008DE32A /* Sources */ = {
			isa = PBXSourcesBuildPhase;
			buildActionMask = 2147483647;
			files = (
				88BA8F4C20EA0298008DE32A /* HQZSearchUITests.m in Sources */,
			);
			runOnlyForDeploymentPostprocessing = 0;
		};
/* End PBXSourcesBuildPhase section */

/* Begin PBXTargetDependency section */
		88BA8F3E20EA0298008DE32A /* PBXTargetDependency */ = {
			isa = PBXTargetDependency;
			target = 88BA8F2320EA0296008DE32A /* HQZSearch */;
			targetProxy = 88BA8F3D20EA0298008DE32A /* PBXContainerItemProxy */;
		};
		88BA8F4920EA0298008DE32A /* PBXTargetDependency */ = {
			isa = PBXTargetDependency;
			target = 88BA8F2320EA0296008DE32A /* HQZSearch */;
			targetProxy = 88BA8F4820EA0298008DE32A /* PBXContainerItemProxy */;
		};
/* End PBXTargetDependency section */

/* Begin PBXVariantGroup section */
		88BA8F2D20EA0296008DE32A /* Main.storyboard */ = {
			isa = PBXVariantGroup;
			children = (
				88BA8F2E20EA0296008DE32A /* Base */,
			);
			name = Main.storyboard;
			sourceTree = "<group>";
		};
		88BA8F3220EA0298008DE32A /* LaunchScreen.storyboard */ = {
			isa = PBXVariantGroup;
			children = (
				88BA8F3320EA0298008DE32A /* Base */,
			);
			name = LaunchScreen.storyboard;
			sourceTree = "<group>";
		};
/* End PBXVariantGroup section */

/* Begin XCBuildConfiguration section */
		88BA8F4E20EA0298008DE32A /* Debug */ = {
			isa = XCBuildConfiguration;
			buildSettings = {
				ALWAYS_SEARCH_USER_PATHS = NO;
				CLANG_ANALYZER_NONNULL = YES;
				CLANG_ANALYZER_NUMBER_OBJECT_CONVERSION = YES_AGGRESSIVE;
				CLANG_CXX_LANGUAGE_STANDARD = "gnu++14";
				CLANG_CXX_LIBRARY = "libc++";
				CLANG_ENABLE_MODULES = YES;
				CLANG_ENABLE_OBJC_ARC = YES;
				CLANG_ENABLE_OBJC_WEAK = YES;
				CLANG_WARN_BLOCK_CAPTURE_AUTORELEASING = YES;
				CLANG_WARN_BOOL_CONVERSION = YES;
				CLANG_WARN_COMMA = YES;
				CLANG_WARN_CONSTANT_CONVERSION = YES;
				CLANG_WARN_DEPRECATED_OBJC_IMPLEMENTATIONS = YES;
				CLANG_WARN_DIRECT_OBJC_ISA_USAGE = YES_ERROR;
				CLANG_WARN_DOCUMENTATION_COMMENTS = YES;
				CLANG_WARN_EMPTY_BODY = YES;
				CLANG_WARN_ENUM_CONVERSION = YES;
				CLANG_WARN_INFINITE_RECURSION = YES;
				CLANG_WARN_INT_CONVERSION = YES;
				CLANG_WARN_NON_LITERAL_NULL_CONVERSION = YES;
				CLANG_WARN_OBJC_IMPLICIT_RETAIN_SELF = YES;
				CLANG_WARN_OBJC_LITERAL_CONVERSION = YES;
				CLANG_WARN_OBJC_ROOT_CLASS = YES_ERROR;
				CLANG_WARN_RANGE_LOOP_ANALYSIS = YES;
				CLANG_WARN_STRICT_PROTOTYPES = YES;
				CLANG_WARN_SUSPICIOUS_MOVE = YES;
				CLANG_WARN_UNGUARDED_AVAILABILITY = YES_AGGRESSIVE;
				CLANG_WARN_UNREACHABLE_CODE = YES;
				CLANG_WARN__DUPLICATE_METHOD_MATCH = YES;
				CODE_SIGN_IDENTITY = "iPhone Developer";
				COPY_PHASE_STRIP = NO;
				DEBUG_INFORMATION_FORMAT = dwarf;
				ENABLE_STRICT_OBJC_MSGSEND = YES;
				ENABLE_TESTABILITY = YES;
				GCC_C_LANGUAGE_STANDARD = gnu11;
				GCC_DYNAMIC_NO_PIC = NO;
				GCC_NO_COMMON_BLOCKS = YES;
				GCC_OPTIMIZATION_LEVEL = 0;
				GCC_PREPROCESSOR_DEFINITIONS = (
					"DEBUG=1",
					"$(inherited)",
				);
				GCC_WARN_64_TO_32_BIT_CONVERSION = YES;
				GCC_WARN_ABOUT_RETURN_TYPE = YES_ERROR;
				GCC_WARN_UNDECLARED_SELECTOR = YES;
				GCC_WARN_UNINITIALIZED_AUTOS = YES_AGGRESSIVE;
				GCC_WARN_UNUSED_FUNCTION = YES;
				GCC_WARN_UNUSED_VARIABLE = YES;
				IPHONEOS_DEPLOYMENT_TARGET = 11.4;
				MTL_ENABLE_DEBUG_INFO = YES;
				ONLY_ACTIVE_ARCH = YES;
				SDKROOT = iphoneos;
			};
			name = Debug;
		};
		88BA8F4F20EA0298008DE32A /* Release */ = {
			isa = XCBuildConfiguration;
			buildSettings = {
				ALWAYS_SEARCH_USER_PATHS = NO;
				CLANG_ANALYZER_NONNULL = YES;
				CLANG_ANALYZER_NUMBER_OBJECT_CONVERSION = YES_AGGRESSIVE;
				CLANG_CXX_LANGUAGE_STANDARD = "gnu++14";
				CLANG_CXX_LIBRARY = "libc++";
				CLANG_ENABLE_MODULES = YES;
				CLANG_ENABLE_OBJC_ARC = YES;
				CLANG_ENABLE_OBJC_WEAK = YES;
				CLANG_WARN_BLOCK_CAPTURE_AUTORELEASING = YES;
				CLANG_WARN_BOOL_CONVERSION = YES;
				CLANG_WARN_COMMA = YES;
				CLANG_WARN_CONSTANT_CONVERSION = YES;
				CLANG_WARN_DEPRECATED_OBJC_IMPLEMENTATIONS = YES;
				CLANG_WARN_DIRECT_OBJC_ISA_USAGE = YES_ERROR;
				CLANG_WARN_DOCUMENTATION_COMMENTS = YES;
				CLANG_WARN_EMPTY_BODY = YES;
				CLANG_WARN_ENUM_CONVERSION = YES;
				CLANG_WARN_INFINITE_RECURSION = YES;
				CLANG_WARN_INT_CONVERSION = YES;
				CLANG_WARN_NON_LITERAL_NULL_CONVERSION = YES;
				CLANG_WARN_OBJC_IMPLICIT_RETAIN_SELF = YES;
				CLANG_WARN_OBJC_LITERAL_CONVERSION = YES;
				CLANG_WARN_OBJC_ROOT_CLASS = YES_ERROR;
				CLANG_WARN_RANGE_LOOP_ANALYSIS = YES;
				CLANG_WARN_STRICT_PROTOTYPES = YES;
				CLANG_WARN_SUSPICIOUS_MOVE = YES;
				CLANG_WARN_UNGUARDED_AVAILABILITY = YES_AGGRESSIVE;
				CLANG_WARN_UNREACHABLE_CODE = YES;
				CLANG_WARN__DUPLICATE_METHOD_MATCH = YES;
				CODE_SIGN_IDENTITY = "iPhone Developer";
				COPY_PHASE_STRIP = NO;
				DEBUG_INFORMATION_FORMAT = "dwarf-with-dsym";
				ENABLE_NS_ASSERTIONS = NO;
				ENABLE_STRICT_OBJC_MSGSEND = YES;
				GCC_C_LANGUAGE_STANDARD = gnu11;
				GCC_NO_COMMON_BLOCKS = YES;
				GCC_WARN_64_TO_32_BIT_CONVERSION = YES;
				GCC_WARN_ABOUT_RETURN_TYPE = YES_ERROR;
				GCC_WARN_UNDECLARED_SELECTOR = YES;
				GCC_WARN_UNINITIALIZED_AUTOS = YES_AGGRESSIVE;
				GCC_WARN_UNUSED_FUNCTION = YES;
				GCC_WARN_UNUSED_VARIABLE = YES;
				IPHONEOS_DEPLOYMENT_TARGET = 11.4;
				MTL_ENABLE_DEBUG_INFO = NO;
				SDKROOT = iphoneos;
				VALIDATE_PRODUCT = YES;
			};
			name = Release;
		};
		88BA8F5120EA0298008DE32A /* Debug */ = {
			isa = XCBuildConfiguration;
			buildSettings = {
				ASSETCATALOG_COMPILER_APPICON_NAME = AppIcon;
				CODE_SIGN_STYLE = Automatic;
				INFOPLIST_FILE = HQZSearch/Info.plist;
				LD_RUNPATH_SEARCH_PATHS = (
					"$(inherited)",
					"@executable_path/Frameworks",
				);
				PRODUCT_BUNDLE_IDENTIFIER = com.fhyx.fykc.HQZSearch;
				PRODUCT_NAME = "$(TARGET_NAME)";
				TARGETED_DEVICE_FAMILY = "1,2";
			};
			name = Debug;
		};
		88BA8F5220EA0298008DE32A /* Release */ = {
			isa = XCBuildConfiguration;
			buildSettings = {
				ASSETCATALOG_COMPILER_APPICON_NAME = AppIcon;
				CODE_SIGN_STYLE = Automatic;
				INFOPLIST_FILE = HQZSearch/Info.plist;
				LD_RUNPATH_SEARCH_PATHS = (
					"$(inherited)",
					"@executable_path/Frameworks",
				);
				PRODUCT_BUNDLE_IDENTIFIER = com.fhyx.fykc.HQZSearch;
				PRODUCT_NAME = "$(TARGET_NAME)";
				TARGETED_DEVICE_FAMILY = "1,2";
			};
			name = Release;
		};
		88BA8F5420EA0298008DE32A /* Debug */ = {
			isa = XCBuildConfiguration;
			buildSettings = {
				BUNDLE_LOADER = "$(TEST_HOST)";
				CODE_SIGN_STYLE = Automatic;
				INFOPLIST_FILE = HQZSearchTests/Info.plist;
				LD_RUNPATH_SEARCH_PATHS = (
					"$(inherited)",
					"@executable_path/Frameworks",
					"@loader_path/Frameworks",
				);
				PRODUCT_BUNDLE_IDENTIFIER = com.fhyx.fykc.HQZSearchTests;
				PRODUCT_NAME = "$(TARGET_NAME)";
				TARGETED_DEVICE_FAMILY = "1,2";
				TEST_HOST = "$(BUILT_PRODUCTS_DIR)/HQZSearch.app/HQZSearch";
			};
			name = Debug;
		};
		88BA8F5520EA0298008DE32A /* Release */ = {
			isa = XCBuildConfiguration;
			buildSettings = {
				BUNDLE_LOADER = "$(TEST_HOST)";
				CODE_SIGN_STYLE = Automatic;
				INFOPLIST_FILE = HQZSearchTests/Info.plist;
				LD_RUNPATH_SEARCH_PATHS = (
					"$(inherited)",
					"@executable_path/Frameworks",
					"@loader_path/Frameworks",
				);
				PRODUCT_BUNDLE_IDENTIFIER = com.fhyx.fykc.HQZSearchTests;
				PRODUCT_NAME = "$(TARGET_NAME)";
				TARGETED_DEVICE_FAMILY = "1,2";
				TEST_HOST = "$(BUILT_PRODUCTS_DIR)/HQZSearch.app/HQZSearch";
			};
			name = Release;
		};
		88BA8F5720EA0298008DE32A /* Debug */ = {
			isa = XCBuildConfiguration;
			buildSettings = {
				CODE_SIGN_STYLE = Automatic;
				INFOPLIST_FILE = HQZSearchUITests/Info.plist;
				LD_RUNPATH_SEARCH_PATHS = (
					"$(inherited)",
					"@executable_path/Frameworks",
					"@loader_path/Frameworks",
				);
				PRODUCT_BUNDLE_IDENTIFIER = com.fhyx.fykc.HQZSearchUITests;
				PRODUCT_NAME = "$(TARGET_NAME)";
				TARGETED_DEVICE_FAMILY = "1,2";
				TEST_TARGET_NAME = HQZSearch;
			};
			name = Debug;
		};
		88BA8F5820EA0298008DE32A /* Release */ = {
			isa = XCBuildConfiguration;
			buildSettings = {
				CODE_SIGN_STYLE = Automatic;
				INFOPLIST_FILE = HQZSearchUITests/Info.plist;
				LD_RUNPATH_SEARCH_PATHS = (
					"$(inherited)",
					"@executable_path/Frameworks",
					"@loader_path/Frameworks",
				);
				PRODUCT_BUNDLE_IDENTIFIER = com.fhyx.fykc.HQZSearchUITests;
				PRODUCT_NAME = "$(TARGET_NAME)";
				TARGETED_DEVICE_FAMILY = "1,2";
				TEST_TARGET_NAME = HQZSearch;
			};
			name = Release;
		};
/* End XCBuildConfiguration section */

/* Begin XCConfigurationList section */
		88BA8F1F20EA0296008DE32A /* Build configuration list for PBXProject "HQZSearch" */ = {
			isa = XCConfigurationList;
			buildConfigurations = (
				88BA8F4E20EA0298008DE32A /* Debug */,
				88BA8F4F20EA0298008DE32A /* Release */,
			);
			defaultConfigurationIsVisible = 0;
			defaultConfigurationName = Release;
		};
		88BA8F5020EA0298008DE32A /* Build configuration list for PBXNativeTarget "HQZSearch" */ = {
			isa = XCConfigurationList;
			buildConfigurations = (
				88BA8F5120EA0298008DE32A /* Debug */,
				88BA8F5220EA0298008DE32A /* Release */,
			);
			defaultConfigurationIsVisible = 0;
			defaultConfigurationName = Release;
		};
		88BA8F5320EA0298008DE32A /* Build configuration list for PBXNativeTarget "HQZSearchTests" */ = {
			isa = XCConfigurationList;
			buildConfigurations = (
				88BA8F5420EA0298008DE32A /* Debug */,
				88BA8F5520EA0298008DE32A /* Release */,
			);
			defaultConfigurationIsVisible = 0;
			defaultConfigurationName = Release;
		};
		88BA8F5620EA0298008DE32A /* Build configuration list for PBXNativeTarget "HQZSearchUITests" */ = {
			isa = XCConfigurationList;
			buildConfigurations = (
				88BA8F5720EA0298008DE32A /* Debug */,
				88BA8F5820EA0298008DE32A /* Release */,
			);
			defaultConfigurationIsVisible = 0;
			defaultConfigurationName = Release;
		};
/* End XCConfigurationList section */
	};
	rootObject = 88BA8F1C20EA0296008DE32A /* Project object */;
}
